// !$*UTF8*$!
{
	archiveVersion = 1;
	classes = {
	};
	objectVersion = 56;
	objects = {

/* Begin PBXBuildFile section */
		BC1EA8C2291F294E00815DE7 /* PostCellViewModel.swift in Sources */ = {isa = PBXBuildFile; fileRef = BC1EA8C1291F294E00815DE7 /* PostCellViewModel.swift */; };
		BC1EA8C4291F2D4E00815DE7 /* CellRegistration.swift in Sources */ = {isa = PBXBuildFile; fileRef = BC1EA8C3291F2D4E00815DE7 /* CellRegistration.swift */; };
		BC1EA8C6291F2F9300815DE7 /* SearchRepositoryProtocol.swift in Sources */ = {isa = PBXBuildFile; fileRef = BC1EA8C5291F2F9300815DE7 /* SearchRepositoryProtocol.swift */; };
		BC1EA8CA291F336600815DE7 /* Wrapper.swift in Sources */ = {isa = PBXBuildFile; fileRef = BC1EA8C9291F336600815DE7 /* Wrapper.swift */; };
		BC1EA8CC291F337D00815DE7 /* SearchServiceProtocol.swift in Sources */ = {isa = PBXBuildFile; fileRef = BC1EA8CB291F337D00815DE7 /* SearchServiceProtocol.swift */; };
		BC1EA8CE291F33DD00815DE7 /* SearchViewModelDelegate.swift in Sources */ = {isa = PBXBuildFile; fileRef = BC1EA8CD291F33DD00815DE7 /* SearchViewModelDelegate.swift */; };
		BC1EA8D0291F33FA00815DE7 /* SearchViewModelProtocol.swift in Sources */ = {isa = PBXBuildFile; fileRef = BC1EA8CF291F33FA00815DE7 /* SearchViewModelProtocol.swift */; };
		BC89E22F291E13B600D08CD3 /* AppDelegate.swift in Sources */ = {isa = PBXBuildFile; fileRef = BC89E22E291E13B600D08CD3 /* AppDelegate.swift */; };
		BC89E231291E13B600D08CD3 /* SceneDelegate.swift in Sources */ = {isa = PBXBuildFile; fileRef = BC89E230291E13B600D08CD3 /* SceneDelegate.swift */; };
		BC89E233291E13B600D08CD3 /* SearchViewController.swift in Sources */ = {isa = PBXBuildFile; fileRef = BC89E232291E13B600D08CD3 /* SearchViewController.swift */; };
		BC89E236291E13B600D08CD3 /* Main.storyboard in Resources */ = {isa = PBXBuildFile; fileRef = BC89E234291E13B600D08CD3 /* Main.storyboard */; };
		BC89E238291E13B800D08CD3 /* Assets.xcassets in Resources */ = {isa = PBXBuildFile; fileRef = BC89E237291E13B800D08CD3 /* Assets.xcassets */; };
		BC89E23B291E13B800D08CD3 /* LaunchScreen.storyboard in Resources */ = {isa = PBXBuildFile; fileRef = BC89E239291E13B800D08CD3 /* LaunchScreen.storyboard */; };
		BC89E246291E13B800D08CD3 /* VSCOInterviewTests.swift in Sources */ = {isa = PBXBuildFile; fileRef = BC89E245291E13B800D08CD3 /* VSCOInterviewTests.swift */; };
		BC89E250291E13B800D08CD3 /* VSCOInterviewUITests.swift in Sources */ = {isa = PBXBuildFile; fileRef = BC89E24F291E13B800D08CD3 /* VSCOInterviewUITests.swift */; };
		BC89E252291E13B800D08CD3 /* VSCOInterviewUITestsLaunchTests.swift in Sources */ = {isa = PBXBuildFile; fileRef = BC89E251291E13B800D08CD3 /* VSCOInterviewUITestsLaunchTests.swift */; };
		BC89E262291E2C6A00D08CD3 /* ParameterEncoder.swift in Sources */ = {isa = PBXBuildFile; fileRef = BC89E261291E2C6A00D08CD3 /* ParameterEncoder.swift */; };
		BC89E264291E2CB700D08CD3 /* URLParameterEncoder.swift in Sources */ = {isa = PBXBuildFile; fileRef = BC89E263291E2CB700D08CD3 /* URLParameterEncoder.swift */; };
		BC89E266291E2CCD00D08CD3 /* JSONParameterEncoder.swift in Sources */ = {isa = PBXBuildFile; fileRef = BC89E265291E2CCD00D08CD3 /* JSONParameterEncoder.swift */; };
		BC89E269291E2DB300D08CD3 /* EndPointType.swift in Sources */ = {isa = PBXBuildFile; fileRef = BC89E268291E2DB300D08CD3 /* EndPointType.swift */; };
		BC89E3B1291E319400D08CD3 /* NetworkManager.swift in Sources */ = {isa = PBXBuildFile; fileRef = BC89E3B0291E319400D08CD3 /* NetworkManager.swift */; };
		BC89E3B4291E31C300D08CD3 /* NetworkManagerProtocol.swift in Sources */ = {isa = PBXBuildFile; fileRef = BC89E3B3291E31C300D08CD3 /* NetworkManagerProtocol.swift */; };
		BC89E3B8291E31F800D08CD3 /* ServiceError.swift in Sources */ = {isa = PBXBuildFile; fileRef = BC89E3B7291E31F800D08CD3 /* ServiceError.swift */; };
		BC89E3BA291E89B400D08CD3 /* SearchEndpoint.swift in Sources */ = {isa = PBXBuildFile; fileRef = BC89E3B9291E89B400D08CD3 /* SearchEndpoint.swift */; };
		BC89E3BD291E909400D08CD3 /* SearchService.swift in Sources */ = {isa = PBXBuildFile; fileRef = BC89E3BC291E909400D08CD3 /* SearchService.swift */; };
		BC89E3C0291EC63C00D08CD3 /* SearchRepository.swift in Sources */ = {isa = PBXBuildFile; fileRef = BC89E3BF291EC63C00D08CD3 /* SearchRepository.swift */; };
		BC89E3C3291EC75300D08CD3 /* SearchViewModel.swift in Sources */ = {isa = PBXBuildFile; fileRef = BC89E3C2291EC75300D08CD3 /* SearchViewModel.swift */; };
		BC89E3C6291EE31F00D08CD3 /* PageResponse.swift in Sources */ = {isa = PBXBuildFile; fileRef = BC89E3C5291EE31F00D08CD3 /* PageResponse.swift */; };
		BC89E3C8291EE33C00D08CD3 /* Post.swift in Sources */ = {isa = PBXBuildFile; fileRef = BC89E3C7291EE33C00D08CD3 /* Post.swift */; };
		BC89E3D0291EEE8B00D08CD3 /* PostCollectionViewCell.swift in Sources */ = {isa = PBXBuildFile; fileRef = BC89E3CF291EEE8B00D08CD3 /* PostCollectionViewCell.swift */; };
		BC89E3D4291EF3A400D08CD3 /* CustomImageView.swift in Sources */ = {isa = PBXBuildFile; fileRef = BC89E3D3291EF3A400D08CD3 /* CustomImageView.swift */; };
		BC89E3D8291F117300D08CD3 /* Section.swift in Sources */ = {isa = PBXBuildFile; fileRef = BC89E3D7291F117300D08CD3 /* Section.swift */; };
		BC89E3DA291F18EA00D08CD3 /* ImageLoader.swift in Sources */ = {isa = PBXBuildFile; fileRef = BC89E3D9291F18EA00D08CD3 /* ImageLoader.swift */; };
		BC89E3DC291F193800D08CD3 /* ImageLoaderProtocol.swift in Sources */ = {isa = PBXBuildFile; fileRef = BC89E3DB291F193800D08CD3 /* ImageLoaderProtocol.swift */; };
		BC89E3DF291F196900D08CD3 /* UIView.swift in Sources */ = {isa = PBXBuildFile; fileRef = BC89E3DE291F196900D08CD3 /* UIView.swift */; };
		BC89E3E1291F198700D08CD3 /* Task.swift in Sources */ = {isa = PBXBuildFile; fileRef = BC89E3E0291F198700D08CD3 /* Task.swift */; };
		BC89E3E3291F19AB00D08CD3 /* ImageCache.swift in Sources */ = {isa = PBXBuildFile; fileRef = BC89E3E2291F19AB00D08CD3 /* ImageCache.swift */; };
/* End PBXBuildFile section */

/* Begin PBXContainerItemProxy section */
		BC89E242291E13B800D08CD3 /* PBXContainerItemProxy */ = {
			isa = PBXContainerItemProxy;
			containerPortal = BC89E223291E13B600D08CD3 /* Project object */;
			proxyType = 1;
			remoteGlobalIDString = BC89E22A291E13B600D08CD3;
			remoteInfo = VSCOInterview;
		};
		BC89E24C291E13B800D08CD3 /* PBXContainerItemProxy */ = {
			isa = PBXContainerItemProxy;
			containerPortal = BC89E223291E13B600D08CD3 /* Project object */;
			proxyType = 1;
			remoteGlobalIDString = BC89E22A291E13B600D08CD3;
			remoteInfo = VSCOInterview;
		};
/* End PBXContainerItemProxy section */

/* Begin PBXFileReference section */
		BC1EA8C1291F294E00815DE7 /* PostCellViewModel.swift */ = {isa = PBXFileReference; lastKnownFileType = sourcecode.swift; path = PostCellViewModel.swift; sourceTree = "<group>"; };
		BC1EA8C3291F2D4E00815DE7 /* CellRegistration.swift */ = {isa = PBXFileReference; lastKnownFileType = sourcecode.swift; path = CellRegistration.swift; sourceTree = "<group>"; };
		BC1EA8C5291F2F9300815DE7 /* SearchRepositoryProtocol.swift */ = {isa = PBXFileReference; lastKnownFileType = sourcecode.swift; path = SearchRepositoryProtocol.swift; sourceTree = "<group>"; };
		BC1EA8C9291F336600815DE7 /* Wrapper.swift */ = {isa = PBXFileReference; lastKnownFileType = sourcecode.swift; path = Wrapper.swift; sourceTree = "<group>"; };
		BC1EA8CB291F337D00815DE7 /* SearchServiceProtocol.swift */ = {isa = PBXFileReference; lastKnownFileType = sourcecode.swift; path = SearchServiceProtocol.swift; sourceTree = "<group>"; };
		BC1EA8CD291F33DD00815DE7 /* SearchViewModelDelegate.swift */ = {isa = PBXFileReference; lastKnownFileType = sourcecode.swift; path = SearchViewModelDelegate.swift; sourceTree = "<group>"; };
		BC1EA8CF291F33FA00815DE7 /* SearchViewModelProtocol.swift */ = {isa = PBXFileReference; lastKnownFileType = sourcecode.swift; path = SearchViewModelProtocol.swift; sourceTree = "<group>"; };
		BC89E22B291E13B600D08CD3 /* VSCOInterview.app */ = {isa = PBXFileReference; explicitFileType = wrapper.application; includeInIndex = 0; path = VSCOInterview.app; sourceTree = BUILT_PRODUCTS_DIR; };
		BC89E22E291E13B600D08CD3 /* AppDelegate.swift */ = {isa = PBXFileReference; lastKnownFileType = sourcecode.swift; path = AppDelegate.swift; sourceTree = "<group>"; };
		BC89E230291E13B600D08CD3 /* SceneDelegate.swift */ = {isa = PBXFileReference; lastKnownFileType = sourcecode.swift; path = SceneDelegate.swift; sourceTree = "<group>"; };
		BC89E232291E13B600D08CD3 /* SearchViewController.swift */ = {isa = PBXFileReference; lastKnownFileType = sourcecode.swift; path = SearchViewController.swift; sourceTree = "<group>"; };
		BC89E235291E13B600D08CD3 /* Base */ = {isa = PBXFileReference; lastKnownFileType = file.storyboard; name = Base; path = Base.lproj/Main.storyboard; sourceTree = "<group>"; };
		BC89E237291E13B800D08CD3 /* Assets.xcassets */ = {isa = PBXFileReference; lastKnownFileType = folder.assetcatalog; path = Assets.xcassets; sourceTree = "<group>"; };
		BC89E23A291E13B800D08CD3 /* Base */ = {isa = PBXFileReference; lastKnownFileType = file.storyboard; name = Base; path = Base.lproj/LaunchScreen.storyboard; sourceTree = "<group>"; };
		BC89E23C291E13B800D08CD3 /* Info.plist */ = {isa = PBXFileReference; lastKnownFileType = text.plist.xml; path = Info.plist; sourceTree = "<group>"; };
		BC89E241291E13B800D08CD3 /* VSCOInterviewTests.xctest */ = {isa = PBXFileReference; explicitFileType = wrapper.cfbundle; includeInIndex = 0; path = VSCOInterviewTests.xctest; sourceTree = BUILT_PRODUCTS_DIR; };
		BC89E245291E13B800D08CD3 /* VSCOInterviewTests.swift */ = {isa = PBXFileReference; lastKnownFileType = sourcecode.swift; path = VSCOInterviewTests.swift; sourceTree = "<group>"; };
		BC89E24B291E13B800D08CD3 /* VSCOInterviewUITests.xctest */ = {isa = PBXFileReference; explicitFileType = wrapper.cfbundle; includeInIndex = 0; path = VSCOInterviewUITests.xctest; sourceTree = BUILT_PRODUCTS_DIR; };
		BC89E24F291E13B800D08CD3 /* VSCOInterviewUITests.swift */ = {isa = PBXFileReference; lastKnownFileType = sourcecode.swift; path = VSCOInterviewUITests.swift; sourceTree = "<group>"; };
		BC89E251291E13B800D08CD3 /* VSCOInterviewUITestsLaunchTests.swift */ = {isa = PBXFileReference; lastKnownFileType = sourcecode.swift; path = VSCOInterviewUITestsLaunchTests.swift; sourceTree = "<group>"; };
		BC89E261291E2C6A00D08CD3 /* ParameterEncoder.swift */ = {isa = PBXFileReference; lastKnownFileType = sourcecode.swift; path = ParameterEncoder.swift; sourceTree = "<group>"; };
		BC89E263291E2CB700D08CD3 /* URLParameterEncoder.swift */ = {isa = PBXFileReference; lastKnownFileType = sourcecode.swift; path = URLParameterEncoder.swift; sourceTree = "<group>"; };
		BC89E265291E2CCD00D08CD3 /* JSONParameterEncoder.swift */ = {isa = PBXFileReference; lastKnownFileType = sourcecode.swift; path = JSONParameterEncoder.swift; sourceTree = "<group>"; };
		BC89E268291E2DB300D08CD3 /* EndPointType.swift */ = {isa = PBXFileReference; lastKnownFileType = sourcecode.swift; path = EndPointType.swift; sourceTree = "<group>"; };
		BC89E3B0291E319400D08CD3 /* NetworkManager.swift */ = {isa = PBXFileReference; lastKnownFileType = sourcecode.swift; path = NetworkManager.swift; sourceTree = "<group>"; };
		BC89E3B3291E31C300D08CD3 /* NetworkManagerProtocol.swift */ = {isa = PBXFileReference; lastKnownFileType = sourcecode.swift; path = NetworkManagerProtocol.swift; sourceTree = "<group>"; };
		BC89E3B7291E31F800D08CD3 /* ServiceError.swift */ = {isa = PBXFileReference; lastKnownFileType = sourcecode.swift; path = ServiceError.swift; sourceTree = "<group>"; };
		BC89E3B9291E89B400D08CD3 /* SearchEndpoint.swift */ = {isa = PBXFileReference; lastKnownFileType = sourcecode.swift; path = SearchEndpoint.swift; sourceTree = "<group>"; };
		BC89E3BC291E909400D08CD3 /* SearchService.swift */ = {isa = PBXFileReference; lastKnownFileType = sourcecode.swift; path = SearchService.swift; sourceTree = "<group>"; };
		BC89E3BF291EC63C00D08CD3 /* SearchRepository.swift */ = {isa = PBXFileReference; lastKnownFileType = sourcecode.swift; path = SearchRepository.swift; sourceTree = "<group>"; };
		BC89E3C2291EC75300D08CD3 /* SearchViewModel.swift */ = {isa = PBXFileReference; lastKnownFileType = sourcecode.swift; path = SearchViewModel.swift; sourceTree = "<group>"; };
		BC89E3C5291EE31F00D08CD3 /* PageResponse.swift */ = {isa = PBXFileReference; lastKnownFileType = sourcecode.swift; path = PageResponse.swift; sourceTree = "<group>"; };
		BC89E3C7291EE33C00D08CD3 /* Post.swift */ = {isa = PBXFileReference; lastKnownFileType = sourcecode.swift; path = Post.swift; sourceTree = "<group>"; };
		BC89E3CF291EEE8B00D08CD3 /* PostCollectionViewCell.swift */ = {isa = PBXFileReference; lastKnownFileType = sourcecode.swift; path = PostCollectionViewCell.swift; sourceTree = "<group>"; };
		BC89E3D3291EF3A400D08CD3 /* CustomImageView.swift */ = {isa = PBXFileReference; lastKnownFileType = sourcecode.swift; path = CustomImageView.swift; sourceTree = "<group>"; };
		BC89E3D7291F117300D08CD3 /* Section.swift */ = {isa = PBXFileReference; lastKnownFileType = sourcecode.swift; path = Section.swift; sourceTree = "<group>"; };
		BC89E3D9291F18EA00D08CD3 /* ImageLoader.swift */ = {isa = PBXFileReference; lastKnownFileType = sourcecode.swift; path = ImageLoader.swift; sourceTree = "<group>"; };
		BC89E3DB291F193800D08CD3 /* ImageLoaderProtocol.swift */ = {isa = PBXFileReference; lastKnownFileType = sourcecode.swift; path = ImageLoaderProtocol.swift; sourceTree = "<group>"; };
		BC89E3DE291F196900D08CD3 /* UIView.swift */ = {isa = PBXFileReference; lastKnownFileType = sourcecode.swift; path = UIView.swift; sourceTree = "<group>"; };
		BC89E3E0291F198700D08CD3 /* Task.swift */ = {isa = PBXFileReference; lastKnownFileType = sourcecode.swift; path = Task.swift; sourceTree = "<group>"; };
		BC89E3E2291F19AB00D08CD3 /* ImageCache.swift */ = {isa = PBXFileReference; lastKnownFileType = sourcecode.swift; path = ImageCache.swift; sourceTree = "<group>"; };
/* End PBXFileReference section */

/* Begin PBXFrameworksBuildPhase section */
		BC89E228291E13B600D08CD3 /* Frameworks */ = {
			isa = PBXFrameworksBuildPhase;
			buildActionMask = 2147483647;
			files = (
			);
			runOnlyForDeploymentPostprocessing = 0;
		};
		BC89E23E291E13B800D08CD3 /* Frameworks */ = {
			isa = PBXFrameworksBuildPhase;
			buildActionMask = 2147483647;
			files = (
			);
			runOnlyForDeploymentPostprocessing = 0;
		};
		BC89E248291E13B800D08CD3 /* Frameworks */ = {
			isa = PBXFrameworksBuildPhase;
			buildActionMask = 2147483647;
			files = (
			);
			runOnlyForDeploymentPostprocessing = 0;
		};
/* End PBXFrameworksBuildPhase section */

/* Begin PBXGroup section */
		BC89E222291E13B600D08CD3 = {
			isa = PBXGroup;
			children = (
				BC89E22D291E13B600D08CD3 /* VSCOInterview */,
				BC89E244291E13B800D08CD3 /* VSCOInterviewTests */,
				BC89E24E291E13B800D08CD3 /* VSCOInterviewUITests */,
				BC89E22C291E13B600D08CD3 /* Products */,
			);
			sourceTree = "<group>";
		};
		BC89E22C291E13B600D08CD3 /* Products */ = {
			isa = PBXGroup;
			children = (
				BC89E22B291E13B600D08CD3 /* VSCOInterview.app */,
				BC89E241291E13B800D08CD3 /* VSCOInterviewTests.xctest */,
				BC89E24B291E13B800D08CD3 /* VSCOInterviewUITests.xctest */,
			);
			name = Products;
			sourceTree = "<group>";
		};
		BC89E22D291E13B600D08CD3 /* VSCOInterview */ = {
			isa = PBXGroup;
			children = (
				BC89E3DD291F195500D08CD3 /* Extensions */,
				BC89E3D1291EF36600D08CD3 /* Helpers */,
				BC89E3CE291EEE7300D08CD3 /* Search */,
				BC89E3C4291EE31300D08CD3 /* Model */,
				BC89E3C1291EC6F800D08CD3 /* ViewModels */,
				BC89E3BE291EC62200D08CD3 /* Repositories */,
				BC89E3BB291E906500D08CD3 /* Services */,
				BC89E3B5291E31E000D08CD3 /* Enums */,
				BC89E3B2291E31B500D08CD3 /* Protocols */,
				BC89E25E291E2BDC00D08CD3 /* Networking */,
				BC89E22E291E13B600D08CD3 /* AppDelegate.swift */,
				BC89E230291E13B600D08CD3 /* SceneDelegate.swift */,
				BC89E234291E13B600D08CD3 /* Main.storyboard */,
				BC89E237291E13B800D08CD3 /* Assets.xcassets */,
				BC89E239291E13B800D08CD3 /* LaunchScreen.storyboard */,
				BC89E23C291E13B800D08CD3 /* Info.plist */,
			);
			path = VSCOInterview;
			sourceTree = "<group>";
		};
		BC89E244291E13B800D08CD3 /* VSCOInterviewTests */ = {
			isa = PBXGroup;
			children = (
				BC89E245291E13B800D08CD3 /* VSCOInterviewTests.swift */,
			);
			path = VSCOInterviewTests;
			sourceTree = "<group>";
		};
		BC89E24E291E13B800D08CD3 /* VSCOInterviewUITests */ = {
			isa = PBXGroup;
			children = (
				BC89E24F291E13B800D08CD3 /* VSCOInterviewUITests.swift */,
				BC89E251291E13B800D08CD3 /* VSCOInterviewUITestsLaunchTests.swift */,
			);
			path = VSCOInterviewUITests;
			sourceTree = "<group>";
		};
		BC89E25E291E2BDC00D08CD3 /* Networking */ = {
			isa = PBXGroup;
			children = (
				BC89E267291E2DA200D08CD3 /* EndPoint */,
				BC89E260291E2C5400D08CD3 /* Encoding */,
				BC89E25F291E2C1500D08CD3 /* Endpoints */,
				BC89E3B0291E319400D08CD3 /* NetworkManager.swift */,
			);
			path = Networking;
			sourceTree = "<group>";
		};
		BC89E25F291E2C1500D08CD3 /* Endpoints */ = {
			isa = PBXGroup;
			children = (
				BC89E3B9291E89B400D08CD3 /* SearchEndpoint.swift */,
			);
			path = Endpoints;
			sourceTree = "<group>";
		};
		BC89E260291E2C5400D08CD3 /* Encoding */ = {
			isa = PBXGroup;
			children = (
				BC89E261291E2C6A00D08CD3 /* ParameterEncoder.swift */,
				BC89E263291E2CB700D08CD3 /* URLParameterEncoder.swift */,
				BC89E265291E2CCD00D08CD3 /* JSONParameterEncoder.swift */,
			);
			path = Encoding;
			sourceTree = "<group>";
		};
		BC89E267291E2DA200D08CD3 /* EndPoint */ = {
			isa = PBXGroup;
			children = (
				BC89E268291E2DB300D08CD3 /* EndPointType.swift */,
			);
			path = EndPoint;
			sourceTree = "<group>";
		};
		BC89E3B2291E31B500D08CD3 /* Protocols */ = {
			isa = PBXGroup;
			children = (
				BC89E3B3291E31C300D08CD3 /* NetworkManagerProtocol.swift */,
				BC89E3DB291F193800D08CD3 /* ImageLoaderProtocol.swift */,
				BC1EA8C5291F2F9300815DE7 /* SearchRepositoryProtocol.swift */,
				BC1EA8CB291F337D00815DE7 /* SearchServiceProtocol.swift */,
				BC1EA8CD291F33DD00815DE7 /* SearchViewModelDelegate.swift */,
				BC1EA8CF291F33FA00815DE7 /* SearchViewModelProtocol.swift */,
			);
			path = Protocols;
			sourceTree = "<group>";
		};
		BC89E3B5291E31E000D08CD3 /* Enums */ = {
			isa = PBXGroup;
			children = (
				BC89E3B7291E31F800D08CD3 /* ServiceError.swift */,
				BC89E3D7291F117300D08CD3 /* Section.swift */,
			);
			path = Enums;
			sourceTree = "<group>";
		};
		BC89E3BB291E906500D08CD3 /* Services */ = {
			isa = PBXGroup;
			children = (
				BC89E3BC291E909400D08CD3 /* SearchService.swift */,
			);
			path = Services;
			sourceTree = "<group>";
		};
		BC89E3BE291EC62200D08CD3 /* Repositories */ = {
			isa = PBXGroup;
			children = (
				BC89E3BF291EC63C00D08CD3 /* SearchRepository.swift */,
			);
			path = Repositories;
			sourceTree = "<group>";
		};
		BC89E3C1291EC6F800D08CD3 /* ViewModels */ = {
			isa = PBXGroup;
			children = (
				BC89E3C2291EC75300D08CD3 /* SearchViewModel.swift */,
				BC1EA8C1291F294E00815DE7 /* PostCellViewModel.swift */,
			);
			path = ViewModels;
			sourceTree = "<group>";
		};
		BC89E3C4291EE31300D08CD3 /* Model */ = {
			isa = PBXGroup;
			children = (
				BC89E3C5291EE31F00D08CD3 /* PageResponse.swift */,
				BC89E3C7291EE33C00D08CD3 /* Post.swift */,
				BC1EA8C9291F336600815DE7 /* Wrapper.swift */,
			);
			path = Model;
			sourceTree = "<group>";
		};
		BC89E3CE291EEE7300D08CD3 /* Search */ = {
			isa = PBXGroup;
			children = (
				BC89E232291E13B600D08CD3 /* SearchViewController.swift */,
				BC89E3CF291EEE8B00D08CD3 /* PostCollectionViewCell.swift */,
			);
			path = Search;
			sourceTree = "<group>";
		};
		BC89E3D1291EF36600D08CD3 /* Helpers */ = {
			isa = PBXGroup;
			children = (
				BC89E3D2291EF38B00D08CD3 /* Views */,
				BC89E3D9291F18EA00D08CD3 /* ImageLoader.swift */,
				BC89E3E2291F19AB00D08CD3 /* ImageCache.swift */,
			);
			path = Helpers;
			sourceTree = "<group>";
		};
		BC89E3D2291EF38B00D08CD3 /* Views */ = {
			isa = PBXGroup;
			children = (
				BC89E3D3291EF3A400D08CD3 /* CustomImageView.swift */,
			);
			path = Views;
			sourceTree = "<group>";
		};
		BC89E3DD291F195500D08CD3 /* Extensions */ = {
			isa = PBXGroup;
			children = (
				BC89E3DE291F196900D08CD3 /* UIView.swift */,
				BC89E3E0291F198700D08CD3 /* Task.swift */,
				BC1EA8C3291F2D4E00815DE7 /* CellRegistration.swift */,
			);
			path = Extensions;
			sourceTree = "<group>";
		};
/* End PBXGroup section */

/* Begin PBXNativeTarget section */
		BC89E22A291E13B600D08CD3 /* VSCOInterview */ = {
			isa = PBXNativeTarget;
			buildConfigurationList = BC89E255291E13B800D08CD3 /* Build configuration list for PBXNativeTarget "VSCOInterview" */;
			buildPhases = (
				BC89E227291E13B600D08CD3 /* Sources */,
				BC89E228291E13B600D08CD3 /* Frameworks */,
				BC89E229291E13B600D08CD3 /* Resources */,
			);
			buildRules = (
			);
			dependencies = (
			);
			name = VSCOInterview;
			productName = VSCOInterview;
			productReference = BC89E22B291E13B600D08CD3 /* VSCOInterview.app */;
			productType = "com.apple.product-type.application";
		};
		BC89E240291E13B800D08CD3 /* VSCOInterviewTests */ = {
			isa = PBXNativeTarget;
			buildConfigurationList = BC89E258291E13B800D08CD3 /* Build configuration list for PBXNativeTarget "VSCOInterviewTests" */;
			buildPhases = (
				BC89E23D291E13B800D08CD3 /* Sources */,
				BC89E23E291E13B800D08CD3 /* Frameworks */,
				BC89E23F291E13B800D08CD3 /* Resources */,
			);
			buildRules = (
			);
			dependencies = (
				BC89E243291E13B800D08CD3 /* PBXTargetDependency */,
			);
			name = VSCOInterviewTests;
			productName = VSCOInterviewTests;
			productReference = BC89E241291E13B800D08CD3 /* VSCOInterviewTests.xctest */;
			productType = "com.apple.product-type.bundle.unit-test";
		};
		BC89E24A291E13B800D08CD3 /* VSCOInterviewUITests */ = {
			isa = PBXNativeTarget;
			buildConfigurationList = BC89E25B291E13B800D08CD3 /* Build configuration list for PBXNativeTarget "VSCOInterviewUITests" */;
			buildPhases = (
				BC89E247291E13B800D08CD3 /* Sources */,
				BC89E248291E13B800D08CD3 /* Frameworks */,
				BC89E249291E13B800D08CD3 /* Resources */,
			);
			buildRules = (
			);
			dependencies = (
				BC89E24D291E13B800D08CD3 /* PBXTargetDependency */,
			);
			name = VSCOInterviewUITests;
			productName = VSCOInterviewUITests;
			productReference = BC89E24B291E13B800D08CD3 /* VSCOInterviewUITests.xctest */;
			productType = "com.apple.product-type.bundle.ui-testing";
		};
/* End PBXNativeTarget section */

/* Begin PBXProject section */
		BC89E223291E13B600D08CD3 /* Project object */ = {
			isa = PBXProject;
			attributes = {
				BuildIndependentTargetsInParallel = 1;
				LastSwiftUpdateCheck = 1410;
				LastUpgradeCheck = 1410;
				TargetAttributes = {
					BC89E22A291E13B600D08CD3 = {
						CreatedOnToolsVersion = 14.1;
					};
					BC89E240291E13B800D08CD3 = {
						CreatedOnToolsVersion = 14.1;
						TestTargetID = BC89E22A291E13B600D08CD3;
					};
					BC89E24A291E13B800D08CD3 = {
						CreatedOnToolsVersion = 14.1;
						TestTargetID = BC89E22A291E13B600D08CD3;
					};
				};
			};
			buildConfigurationList = BC89E226291E13B600D08CD3 /* Build configuration list for PBXProject "VSCOInterview" */;
			compatibilityVersion = "Xcode 14.0";
			developmentRegion = en;
			hasScannedForEncodings = 0;
			knownRegions = (
				en,
				Base,
			);
			mainGroup = BC89E222291E13B600D08CD3;
			productRefGroup = BC89E22C291E13B600D08CD3 /* Products */;
			projectDirPath = "";
			projectRoot = "";
			targets = (
				BC89E22A291E13B600D08CD3 /* VSCOInterview */,
				BC89E240291E13B800D08CD3 /* VSCOInterviewTests */,
				BC89E24A291E13B800D08CD3 /* VSCOInterviewUITests */,
			);
		};
/* End PBXProject section */

/* Begin PBXResourcesBuildPhase section */
		BC89E229291E13B600D08CD3 /* Resources */ = {
			isa = PBXResourcesBuildPhase;
			buildActionMask = 2147483647;
			files = (
				BC89E23B291E13B800D08CD3 /* LaunchScreen.storyboard in Resources */,
				BC89E238291E13B800D08CD3 /* Assets.xcassets in Resources */,
				BC89E236291E13B600D08CD3 /* Main.storyboard in Resources */,
			);
			runOnlyForDeploymentPostprocessing = 0;
		};
		BC89E23F291E13B800D08CD3 /* Resources */ = {
			isa = PBXResourcesBuildPhase;
			buildActionMask = 2147483647;
			files = (
			);
			runOnlyForDeploymentPostprocessing = 0;
		};
		BC89E249291E13B800D08CD3 /* Resources */ = {
			isa = PBXResourcesBuildPhase;
			buildActionMask = 2147483647;
			files = (
			);
			runOnlyForDeploymentPostprocessing = 0;
		};
/* End PBXResourcesBuildPhase section */

/* Begin PBXSourcesBuildPhase section */
		BC89E227291E13B600D08CD3 /* Sources */ = {
			isa = PBXSourcesBuildPhase;
			buildActionMask = 2147483647;
			files = (
				BC89E3DC291F193800D08CD3 /* ImageLoaderProtocol.swift in Sources */,
				BC1EA8C4291F2D4E00815DE7 /* CellRegistration.swift in Sources */,
				BC89E3B8291E31F800D08CD3 /* ServiceError.swift in Sources */,
				BC89E233291E13B600D08CD3 /* SearchViewController.swift in Sources */,
				BC89E3B4291E31C300D08CD3 /* NetworkManagerProtocol.swift in Sources */,
				BC89E3BA291E89B400D08CD3 /* SearchEndpoint.swift in Sources */,
				BC89E3C6291EE31F00D08CD3 /* PageResponse.swift in Sources */,
				BC1EA8D0291F33FA00815DE7 /* SearchViewModelProtocol.swift in Sources */,
				BC89E3DF291F196900D08CD3 /* UIView.swift in Sources */,
				BC89E22F291E13B600D08CD3 /* AppDelegate.swift in Sources */,
				BC1EA8CE291F33DD00815DE7 /* SearchViewModelDelegate.swift in Sources */,
				BC89E266291E2CCD00D08CD3 /* JSONParameterEncoder.swift in Sources */,
				BC1EA8C2291F294E00815DE7 /* PostCellViewModel.swift in Sources */,
				BC89E3E3291F19AB00D08CD3 /* ImageCache.swift in Sources */,
				BC89E3D0291EEE8B00D08CD3 /* PostCollectionViewCell.swift in Sources */,
				BC89E3C0291EC63C00D08CD3 /* SearchRepository.swift in Sources */,
				BC89E3D4291EF3A400D08CD3 /* CustomImageView.swift in Sources */,
				BC89E3BD291E909400D08CD3 /* SearchService.swift in Sources */,
				BC89E3C3291EC75300D08CD3 /* SearchViewModel.swift in Sources */,
				BC89E3D8291F117300D08CD3 /* Section.swift in Sources */,
				BC89E3E1291F198700D08CD3 /* Task.swift in Sources */,
				BC89E3DA291F18EA00D08CD3 /* ImageLoader.swift in Sources */,
				BC89E262291E2C6A00D08CD3 /* ParameterEncoder.swift in Sources */,
				BC89E3C8291EE33C00D08CD3 /* Post.swift in Sources */,
				BC89E3B1291E319400D08CD3 /* NetworkManager.swift in Sources */,
				BC1EA8C6291F2F9300815DE7 /* SearchRepositoryProtocol.swift in Sources */,
				BC89E264291E2CB700D08CD3 /* URLParameterEncoder.swift in Sources */,
				BC1EA8CC291F337D00815DE7 /* SearchServiceProtocol.swift in Sources */,
				BC1EA8CA291F336600815DE7 /* Wrapper.swift in Sources */,
				BC89E231291E13B600D08CD3 /* SceneDelegate.swift in Sources */,
				BC89E269291E2DB300D08CD3 /* EndPointType.swift in Sources */,
			);
			runOnlyForDeploymentPostprocessing = 0;
		};
		BC89E23D291E13B800D08CD3 /* Sources */ = {
			isa = PBXSourcesBuildPhase;
			buildActionMask = 2147483647;
			files = (
				BC89E246291E13B800D08CD3 /* VSCOInterviewTests.swift in Sources */,
			);
			runOnlyForDeploymentPostprocessing = 0;
		};
		BC89E247291E13B800D08CD3 /* Sources */ = {
			isa = PBXSourcesBuildPhase;
			buildActionMask = 2147483647;
			files = (
				BC89E250291E13B800D08CD3 /* VSCOInterviewUITests.swift in Sources */,
				BC89E252291E13B800D08CD3 /* VSCOInterviewUITestsLaunchTests.swift in Sources */,
			);
			runOnlyForDeploymentPostprocessing = 0;
		};
/* End PBXSourcesBuildPhase section */

/* Begin PBXTargetDependency section */
		BC89E243291E13B800D08CD3 /* PBXTargetDependency */ = {
			isa = PBXTargetDependency;
			target = BC89E22A291E13B600D08CD3 /* VSCOInterview */;
			targetProxy = BC89E242291E13B800D08CD3 /* PBXContainerItemProxy */;
		};
		BC89E24D291E13B800D08CD3 /* PBXTargetDependency */ = {
			isa = PBXTargetDependency;
			target = BC89E22A291E13B600D08CD3 /* VSCOInterview */;
			targetProxy = BC89E24C291E13B800D08CD3 /* PBXContainerItemProxy */;
		};
/* End PBXTargetDependency section */

/* Begin PBXVariantGroup section */
		BC89E234291E13B600D08CD3 /* Main.storyboard */ = {
			isa = PBXVariantGroup;
			children = (
				BC89E235291E13B600D08CD3 /* Base */,
			);
			name = Main.storyboard;
			sourceTree = "<group>";
		};
		BC89E239291E13B800D08CD3 /* LaunchScreen.storyboard */ = {
			isa = PBXVariantGroup;
			children = (
				BC89E23A291E13B800D08CD3 /* Base */,
			);
			name = LaunchScreen.storyboard;
			sourceTree = "<group>";
		};
/* End PBXVariantGroup section */

/* Begin XCBuildConfiguration section */
		BC89E253291E13B800D08CD3 /* Debug */ = {
			isa = XCBuildConfiguration;
			buildSettings = {
				ALWAYS_SEARCH_USER_PATHS = NO;
				CLANG_ANALYZER_NONNULL = YES;
				CLANG_ANALYZER_NUMBER_OBJECT_CONVERSION = YES_AGGRESSIVE;
				CLANG_CXX_LANGUAGE_STANDARD = "gnu++20";
				CLANG_ENABLE_MODULES = YES;
				CLANG_ENABLE_OBJC_ARC = YES;
				CLANG_ENABLE_OBJC_WEAK = YES;
				CLANG_WARN_BLOCK_CAPTURE_AUTORELEASING = YES;
				CLANG_WARN_BOOL_CONVERSION = YES;
				CLANG_WARN_COMMA = YES;
				CLANG_WARN_CONSTANT_CONVERSION = YES;
				CLANG_WARN_DEPRECATED_OBJC_IMPLEMENTATIONS = YES;
				CLANG_WARN_DIRECT_OBJC_ISA_USAGE = YES_ERROR;
				CLANG_WARN_DOCUMENTATION_COMMENTS = YES;
				CLANG_WARN_EMPTY_BODY = YES;
				CLANG_WARN_ENUM_CONVERSION = YES;
				CLANG_WARN_INFINITE_RECURSION = YES;
				CLANG_WARN_INT_CONVERSION = YES;
				CLANG_WARN_NON_LITERAL_NULL_CONVERSION = YES;
				CLANG_WARN_OBJC_IMPLICIT_RETAIN_SELF = YES;
				CLANG_WARN_OBJC_LITERAL_CONVERSION = YES;
				CLANG_WARN_OBJC_ROOT_CLASS = YES_ERROR;
				CLANG_WARN_QUOTED_INCLUDE_IN_FRAMEWORK_HEADER = YES;
				CLANG_WARN_RANGE_LOOP_ANALYSIS = YES;
				CLANG_WARN_STRICT_PROTOTYPES = YES;
				CLANG_WARN_SUSPICIOUS_MOVE = YES;
				CLANG_WARN_UNGUARDED_AVAILABILITY = YES_AGGRESSIVE;
				CLANG_WARN_UNREACHABLE_CODE = YES;
				CLANG_WARN__DUPLICATE_METHOD_MATCH = YES;
				COPY_PHASE_STRIP = NO;
				DEBUG_INFORMATION_FORMAT = dwarf;
				ENABLE_STRICT_OBJC_MSGSEND = YES;
				ENABLE_TESTABILITY = YES;
				GCC_C_LANGUAGE_STANDARD = gnu11;
				GCC_DYNAMIC_NO_PIC = NO;
				GCC_NO_COMMON_BLOCKS = YES;
				GCC_OPTIMIZATION_LEVEL = 0;
				GCC_PREPROCESSOR_DEFINITIONS = (
					"DEBUG=1",
					"$(inherited)",
				);
				GCC_WARN_64_TO_32_BIT_CONVERSION = YES;
				GCC_WARN_ABOUT_RETURN_TYPE = YES_ERROR;
				GCC_WARN_UNDECLARED_SELECTOR = YES;
				GCC_WARN_UNINITIALIZED_AUTOS = YES_AGGRESSIVE;
				GCC_WARN_UNUSED_FUNCTION = YES;
				GCC_WARN_UNUSED_VARIABLE = YES;
				IPHONEOS_DEPLOYMENT_TARGET = 16.1;
				MTL_ENABLE_DEBUG_INFO = INCLUDE_SOURCE;
				MTL_FAST_MATH = YES;
				ONLY_ACTIVE_ARCH = YES;
				SDKROOT = iphoneos;
				SWIFT_ACTIVE_COMPILATION_CONDITIONS = DEBUG;
				SWIFT_OPTIMIZATION_LEVEL = "-Onone";
			};
			name = Debug;
		};
		BC89E254291E13B800D08CD3 /* Release */ = {
			isa = XCBuildConfiguration;
			buildSettings = {
				ALWAYS_SEARCH_USER_PATHS = NO;
				CLANG_ANALYZER_NONNULL = YES;
				CLANG_ANALYZER_NUMBER_OBJECT_CONVERSION = YES_AGGRESSIVE;
				CLANG_CXX_LANGUAGE_STANDARD = "gnu++20";
				CLANG_ENABLE_MODULES = YES;
				CLANG_ENABLE_OBJC_ARC = YES;
				CLANG_ENABLE_OBJC_WEAK = YES;
				CLANG_WARN_BLOCK_CAPTURE_AUTORELEASING = YES;
				CLANG_WARN_BOOL_CONVERSION = YES;
				CLANG_WARN_COMMA = YES;
				CLANG_WARN_CONSTANT_CONVERSION = YES;
				CLANG_WARN_DEPRECATED_OBJC_IMPLEMENTATIONS = YES;
				CLANG_WARN_DIRECT_OBJC_ISA_USAGE = YES_ERROR;
				CLANG_WARN_DOCUMENTATION_COMMENTS = YES;
				CLANG_WARN_EMPTY_BODY = YES;
				CLANG_WARN_ENUM_CONVERSION = YES;
				CLANG_WARN_INFINITE_RECURSION = YES;
				CLANG_WARN_INT_CONVERSION = YES;
				CLANG_WARN_NON_LITERAL_NULL_CONVERSION = YES;
				CLANG_WARN_OBJC_IMPLICIT_RETAIN_SELF = YES;
				CLANG_WARN_OBJC_LITERAL_CONVERSION = YES;
				CLANG_WARN_OBJC_ROOT_CLASS = YES_ERROR;
				CLANG_WARN_QUOTED_INCLUDE_IN_FRAMEWORK_HEADER = YES;
				CLANG_WARN_RANGE_LOOP_ANALYSIS = YES;
				CLANG_WARN_STRICT_PROTOTYPES = YES;
				CLANG_WARN_SUSPICIOUS_MOVE = YES;
				CLANG_WARN_UNGUARDED_AVAILABILITY = YES_AGGRESSIVE;
				CLANG_WARN_UNREACHABLE_CODE = YES;
				CLANG_WARN__DUPLICATE_METHOD_MATCH = YES;
				COPY_PHASE_STRIP = NO;
				DEBUG_INFORMATION_FORMAT = "dwarf-with-dsym";
				ENABLE_NS_ASSERTIONS = NO;
				ENABLE_STRICT_OBJC_MSGSEND = YES;
				GCC_C_LANGUAGE_STANDARD = gnu11;
				GCC_NO_COMMON_BLOCKS = YES;
				GCC_WARN_64_TO_32_BIT_CONVERSION = YES;
				GCC_WARN_ABOUT_RETURN_TYPE = YES_ERROR;
				GCC_WARN_UNDECLARED_SELECTOR = YES;
				GCC_WARN_UNINITIALIZED_AUTOS = YES_AGGRESSIVE;
				GCC_WARN_UNUSED_FUNCTION = YES;
				GCC_WARN_UNUSED_VARIABLE = YES;
				IPHONEOS_DEPLOYMENT_TARGET = 16.1;
				MTL_ENABLE_DEBUG_INFO = NO;
				MTL_FAST_MATH = YES;
				SDKROOT = iphoneos;
				SWIFT_COMPILATION_MODE = wholemodule;
				SWIFT_OPTIMIZATION_LEVEL = "-O";
				VALIDATE_PRODUCT = YES;
			};
			name = Release;
		};
		BC89E256291E13B800D08CD3 /* Debug */ = {
			isa = XCBuildConfiguration;
			buildSettings = {
				ASSETCATALOG_COMPILER_APPICON_NAME = AppIcon;
				ASSETCATALOG_COMPILER_GLOBAL_ACCENT_COLOR_NAME = AccentColor;
				CODE_SIGN_STYLE = Automatic;
				CURRENT_PROJECT_VERSION = 1;
				DEVELOPMENT_TEAM = R55N62FQ9T;
				GENERATE_INFOPLIST_FILE = YES;
				INFOPLIST_FILE = VSCOInterview/Info.plist;
				INFOPLIST_KEY_UIApplicationSupportsIndirectInputEvents = YES;
				INFOPLIST_KEY_UILaunchStoryboardName = LaunchScreen;
				INFOPLIST_KEY_UIMainStoryboardFile = Main;
				INFOPLIST_KEY_UISupportedInterfaceOrientations_iPad = "UIInterfaceOrientationPortrait UIInterfaceOrientationPortraitUpsideDown UIInterfaceOrientationLandscapeLeft UIInterfaceOrientationLandscapeRight";
				INFOPLIST_KEY_UISupportedInterfaceOrientations_iPhone = "UIInterfaceOrientationPortrait UIInterfaceOrientationLandscapeLeft UIInterfaceOrientationLandscapeRight";
				LD_RUNPATH_SEARCH_PATHS = (
					"$(inherited)",
					"@executable_path/Frameworks",
				);
				MARKETING_VERSION = 1.0;
				PRODUCT_BUNDLE_IDENTIFIER = com.my.app.VSCOInterview;
				PRODUCT_NAME = "$(TARGET_NAME)";
				SWIFT_EMIT_LOC_STRINGS = YES;
				SWIFT_VERSION = 5.0;
				TARGETED_DEVICE_FAMILY = "1,2";
			};
			name = Debug;
		};
		BC89E257291E13B800D08CD3 /* Release */ = {
			isa = XCBuildConfiguration;
			buildSettings = {
				ASSETCATALOG_COMPILER_APPICON_NAME = AppIcon;
				ASSETCATALOG_COMPILER_GLOBAL_ACCENT_COLOR_NAME = AccentColor;
				CODE_SIGN_STYLE = Automatic;
				CURRENT_PROJECT_VERSION = 1;
				DEVELOPMENT_TEAM = R55N62FQ9T;
				GENERATE_INFOPLIST_FILE = YES;
				INFOPLIST_FILE = VSCOInterview/Info.plist;
				INFOPLIST_KEY_UIApplicationSupportsIndirectInputEvents = YES;
				INFOPLIST_KEY_UILaunchStoryboardName = LaunchScreen;
				INFOPLIST_KEY_UIMainStoryboardFile = Main;
				INFOPLIST_KEY_UISupportedInterfaceOrientations_iPad = "UIInterfaceOrientationPortrait UIInterfaceOrientationPortraitUpsideDown UIInterfaceOrientationLandscapeLeft UIInterfaceOrientationLandscapeRight";
				INFOPLIST_KEY_UISupportedInterfaceOrientations_iPhone = "UIInterfaceOrientationPortrait UIInterfaceOrientationLandscapeLeft UIInterfaceOrientationLandscapeRight";
				LD_RUNPATH_SEARCH_PATHS = (
					"$(inherited)",
					"@executable_path/Frameworks",
				);
				MARKETING_VERSION = 1.0;
				PRODUCT_BUNDLE_IDENTIFIER = com.my.app.VSCOInterview;
				PRODUCT_NAME = "$(TARGET_NAME)";
				SWIFT_EMIT_LOC_STRINGS = YES;
				SWIFT_VERSION = 5.0;
				TARGETED_DEVICE_FAMILY = "1,2";
			};
			name = Release;
		};
		BC89E259291E13B800D08CD3 /* Debug */ = {
			isa = XCBuildConfiguration;
			buildSettings = {
				ALWAYS_EMBED_SWIFT_STANDARD_LIBRARIES = YES;
				BUNDLE_LOADER = "$(TEST_HOST)";
				CODE_SIGN_STYLE = Automatic;
				CURRENT_PROJECT_VERSION = 1;
				DEVELOPMENT_TEAM = R55N62FQ9T;
				GENERATE_INFOPLIST_FILE = YES;
				IPHONEOS_DEPLOYMENT_TARGET = 16.1;
				MARKETING_VERSION = 1.0;
				PRODUCT_BUNDLE_IDENTIFIER = com.my.app.VSCOInterviewTests;
				PRODUCT_NAME = "$(TARGET_NAME)";
				SWIFT_EMIT_LOC_STRINGS = NO;
				SWIFT_VERSION = 5.0;
				TARGETED_DEVICE_FAMILY = "1,2";
				TEST_HOST = "$(BUILT_PRODUCTS_DIR)/VSCOInterview.app/$(BUNDLE_EXECUTABLE_FOLDER_PATH)/VSCOInterview";
			};
			name = Debug;
		};
		BC89E25A291E13B800D08CD3 /* Release */ = {
			isa = XCBuildConfiguration;
			buildSettings = {
				ALWAYS_EMBED_SWIFT_STANDARD_LIBRARIES = YES;
				BUNDLE_LOADER = "$(TEST_HOST)";
				CODE_SIGN_STYLE = Automatic;
				CURRENT_PROJECT_VERSION = 1;
				DEVELOPMENT_TEAM = R55N62FQ9T;
				GENERATE_INFOPLIST_FILE = YES;
				IPHONEOS_DEPLOYMENT_TARGET = 16.1;
				MARKETING_VERSION = 1.0;
				PRODUCT_BUNDLE_IDENTIFIER = com.my.app.VSCOInterviewTests;
				PRODUCT_NAME = "$(TARGET_NAME)";
				SWIFT_EMIT_LOC_STRINGS = NO;
				SWIFT_VERSION = 5.0;
				TARGETED_DEVICE_FAMILY = "1,2";
				TEST_HOST = "$(BUILT_PRODUCTS_DIR)/VSCOInterview.app/$(BUNDLE_EXECUTABLE_FOLDER_PATH)/VSCOInterview";
			};
			name = Release;
		};
		BC89E25C291E13B800D08CD3 /* Debug */ = {
			isa = XCBuildConfiguration;
			buildSettings = {
				ALWAYS_EMBED_SWIFT_STANDARD_LIBRARIES = YES;
				CODE_SIGN_STYLE = Automatic;
				CURRENT_PROJECT_VERSION = 1;
				DEVELOPMENT_TEAM = R55N62FQ9T;
				GENERATE_INFOPLIST_FILE = YES;
				MARKETING_VERSION = 1.0;
				PRODUCT_BUNDLE_IDENTIFIER = com.my.app.VSCOInterviewUITests;
				PRODUCT_NAME = "$(TARGET_NAME)";
				SWIFT_EMIT_LOC_STRINGS = NO;
				SWIFT_VERSION = 5.0;
				TARGETED_DEVICE_FAMILY = "1,2";
				TEST_TARGET_NAME = VSCOInterview;
			};
			name = Debug;
		};
		BC89E25D291E13B800D08CD3 /* Release */ = {
			isa = XCBuildConfiguration;
			buildSettings = {
				ALWAYS_EMBED_SWIFT_STANDARD_LIBRARIES = YES;
				CODE_SIGN_STYLE = Automatic;
				CURRENT_PROJECT_VERSION = 1;
				DEVELOPMENT_TEAM = R55N62FQ9T;
				GENERATE_INFOPLIST_FILE = YES;
				MARKETING_VERSION = 1.0;
				PRODUCT_BUNDLE_IDENTIFIER = com.my.app.VSCOInterviewUITests;
				PRODUCT_NAME = "$(TARGET_NAME)";
				SWIFT_EMIT_LOC_STRINGS = NO;
				SWIFT_VERSION = 5.0;
				TARGETED_DEVICE_FAMILY = "1,2";
				TEST_TARGET_NAME = VSCOInterview;
			};
			name = Release;
		};
/* End XCBuildConfiguration section */

/* Begin XCConfigurationList section */
		BC89E226291E13B600D08CD3 /* Build configuration list for PBXProject "VSCOInterview" */ = {
			isa = XCConfigurationList;
			buildConfigurations = (
				BC89E253291E13B800D08CD3 /* Debug */,
				BC89E254291E13B800D08CD3 /* Release */,
			);
			defaultConfigurationIsVisible = 0;
			defaultConfigurationName = Release;
		};
		BC89E255291E13B800D08CD3 /* Build configuration list for PBXNativeTarget "VSCOInterview" */ = {
			isa = XCConfigurationList;
			buildConfigurations = (
				BC89E256291E13B800D08CD3 /* Debug */,
				BC89E257291E13B800D08CD3 /* Release */,
			);
			defaultConfigurationIsVisible = 0;
			defaultConfigurationName = Release;
		};
		BC89E258291E13B800D08CD3 /* Build configuration list for PBXNativeTarget "VSCOInterviewTests" */ = {
			isa = XCConfigurationList;
			buildConfigurations = (
				BC89E259291E13B800D08CD3 /* Debug */,
				BC89E25A291E13B800D08CD3 /* Release */,
			);
			defaultConfigurationIsVisible = 0;
			defaultConfigurationName = Release;
		};
		BC89E25B291E13B800D08CD3 /* Build configuration list for PBXNativeTarget "VSCOInterviewUITests" */ = {
			isa = XCConfigurationList;
			buildConfigurations = (
				BC89E25C291E13B800D08CD3 /* Debug */,
				BC89E25D291E13B800D08CD3 /* Release */,
			);
			defaultConfigurationIsVisible = 0;
			defaultConfigurationName = Release;
		};
/* End XCConfigurationList section */
	};
	rootObject = BC89E223291E13B600D08CD3 /* Project object */;
}
